
Microsoft Visual Studio Solution File, Format Version 12.00
# Visual Studio Version 17
VisualStudioVersion = 17.9.34616.47
MinimumVisualStudioVersion = 10.0.40219.1
Project("{2150E333-8FDC-42A3-9474-1A3956D46DE8}") = "Adapters", "Adapters", "{90CF196C-B249-487A-B806-69810D31C319}"
EndProject
Project("{2150E333-8FDC-42A3-9474-1A3956D46DE8}") = "Web", "Web", "{7879A6DB-D310-4FD7-A051-29340B6A48BE}"
EndProject
Project("{2150E333-8FDC-42A3-9474-1A3956D46DE8}") = "Stream", "Stream", "{84F6EEB5-B424-4E40-89FE-931A8818FAB5}"
EndProject
Project("{2150E333-8FDC-42A3-9474-1A3956D46DE8}") = "Core", "Core", "{5D32653B-8639-46AC-93E6-DC1139CCA2B0}"
EndProject
Project("{2150E333-8FDC-42A3-9474-1A3956D46DE8}") = "Tests", "Tests", "{53DDB505-89B7-4DCB-9BC6-4D7B7952A0C6}"
EndProject
Project("{2150E333-8FDC-42A3-9474-1A3956D46DE8}") = "Services", "Services", "{5BA9CE22-CE5C-4DB3-856D-63A49A3F5C31}"
EndProject
Project("{2150E333-8FDC-42A3-9474-1A3956D46DE8}") = "ReadmeFiles", "ReadmeFiles", "{D88B5AB0-5780-4398-807B-7A16CAE7EC69}"
	ProjectSection(SolutionItems) = preProject
		ReadmeFiles\GitFlow.png = ReadmeFiles\GitFlow.png
		ReadmeFiles\HexagonalArchitecture.png = ReadmeFiles\HexagonalArchitecture.png
		ReadmeFiles\SolutionOverview.png = ReadmeFiles\SolutionOverview.png
	EndProjectSection
EndProject
Project("{2150E333-8FDC-42A3-9474-1A3956D46DE8}") = "Pipelines", "Pipelines", "{852F1CA1-FC00-4EAB-A67F-8C77C90484BE}"
	ProjectSection(SolutionItems) = preProject
		.github\workflows\main_smartticket-dev.yml = .github\workflows\main_smartticket-dev.yml
	EndProjectSection
EndProject
Project("{2150E333-8FDC-42A3-9474-1A3956D46DE8}") = "Repositories", "Repositories", "{FAD9F3B8-8854-4F0B-82C5-421F92D44E23}"
EndProject
Project("{2150E333-8FDC-42A3-9474-1A3956D46DE8}") = "Solution Items", "Solution Items", "{D137EEB2-196C-4688-AA7B-17EF4BAA5874}"
	ProjectSection(SolutionItems) = preProject
		.editorconfig = .editorconfig
		NuGet.config = NuGet.config
		README.md = README.md
	EndProjectSection
EndProject
Project("{2150E333-8FDC-42A3-9474-1A3956D46DE8}") = "Shared", "Shared", "{1CCE2EF3-4CDC-4D0B-93C2-C1FAE3DAB20C}"
EndProject
Project("{FAE04EC0-301F-11D3-BF4B-00C04F79EFBC}") = "Tilray.Integrations.Core.Domain", "src\Core\Core.Domain\Tilray.Integrations.Core.Domain.csproj", "{C7596C96-4083-455D-A39E-DE3BB061583F}"
EndProject
Project("{FAE04EC0-301F-11D3-BF4B-00C04F79EFBC}") = "Tilray.Integrations.Core.Application", "src\Core\Core.Application\Tilray.Integrations.Core.Application.csproj", "{BDC8B1DD-82CA-4D8B-AE78-6FC9855995C9}"
EndProject
Project("{FAE04EC0-301F-11D3-BF4B-00C04F79EFBC}") = "Tilray.Integrations.Services.Rootstock", "src\Adapters\Services\Tilray.Integrations.Services.Rootstock\Tilray.Integrations.Services.Rootstock.csproj", "{9B86F7E9-23F1-4680-B88B-1C561003F76E}"
EndProject
Project("{FAE04EC0-301F-11D3-BF4B-00C04F79EFBC}") = "Tilray.Integrations.Services.SAPConcur", "src\Adapters\Services\Tilray.Integrations.Services.SAPConcur\Tilray.Integrations.Services.SAPConcur.csproj", "{8C98D72B-A1DD-4032-8624-DD65313E2301}"
EndProject
Project("{FAE04EC0-301F-11D3-BF4B-00C04F79EFBC}") = "Tilray.Integrations.Core.Common", "src\Core\Tilray.Core.Common\src\Tilray.Integrations.Core.Common.csproj", "{8AD44BA1-9849-4AEB-AFBC-2174556D8166}"
EndProject
Project("{FAE04EC0-301F-11D3-BF4B-00C04F79EFBC}") = "Tilray.Integrations.Functions", "src\Adapters\Web\FunctionApp\Tilray.Integrations.Functions.csproj", "{2A12B149-56B3-4EEF-B56A-D46F6C186EDF}"
EndProject
Global
	GlobalSection(SolutionConfigurationPlatforms) = preSolution
		Debug|Any CPU = Debug|Any CPU
		Release|Any CPU = Release|Any CPU
	EndGlobalSection
	GlobalSection(ProjectConfigurationPlatforms) = postSolution
		{C7596C96-4083-455D-A39E-DE3BB061583F}.Debug|Any CPU.ActiveCfg = Debug|Any CPU
		{C7596C96-4083-455D-A39E-DE3BB061583F}.Debug|Any CPU.Build.0 = Debug|Any CPU
		{C7596C96-4083-455D-A39E-DE3BB061583F}.Release|Any CPU.ActiveCfg = Release|Any CPU
		{C7596C96-4083-455D-A39E-DE3BB061583F}.Release|Any CPU.Build.0 = Release|Any CPU
		{BDC8B1DD-82CA-4D8B-AE78-6FC9855995C9}.Debug|Any CPU.ActiveCfg = Debug|Any CPU
		{BDC8B1DD-82CA-4D8B-AE78-6FC9855995C9}.Debug|Any CPU.Build.0 = Debug|Any CPU
		{BDC8B1DD-82CA-4D8B-AE78-6FC9855995C9}.Release|Any CPU.ActiveCfg = Release|Any CPU
		{BDC8B1DD-82CA-4D8B-AE78-6FC9855995C9}.Release|Any CPU.Build.0 = Release|Any CPU
		{9B86F7E9-23F1-4680-B88B-1C561003F76E}.Debug|Any CPU.ActiveCfg = Debug|Any CPU
		{9B86F7E9-23F1-4680-B88B-1C561003F76E}.Debug|Any CPU.Build.0 = Debug|Any CPU
		{9B86F7E9-23F1-4680-B88B-1C561003F76E}.Release|Any CPU.ActiveCfg = Release|Any CPU
		{9B86F7E9-23F1-4680-B88B-1C561003F76E}.Release|Any CPU.Build.0 = Release|Any CPU
		{8C98D72B-A1DD-4032-8624-DD65313E2301}.Debug|Any CPU.ActiveCfg = Debug|Any CPU
		{8C98D72B-A1DD-4032-8624-DD65313E2301}.Debug|Any CPU.Build.0 = Debug|Any CPU
		{8C98D72B-A1DD-4032-8624-DD65313E2301}.Release|Any CPU.ActiveCfg = Release|Any CPU
		{8C98D72B-A1DD-4032-8624-DD65313E2301}.Release|Any CPU.Build.0 = Release|Any CPU
		{8AD44BA1-9849-4AEB-AFBC-2174556D8166}.Debug|Any CPU.ActiveCfg = Debug|Any CPU
		{8AD44BA1-9849-4AEB-AFBC-2174556D8166}.Debug|Any CPU.Build.0 = Debug|Any CPU
		{8AD44BA1-9849-4AEB-AFBC-2174556D8166}.Release|Any CPU.ActiveCfg = Release|Any CPU
		{8AD44BA1-9849-4AEB-AFBC-2174556D8166}.Release|Any CPU.Build.0 = Release|Any CPU
		{2A12B149-56B3-4EEF-B56A-D46F6C186EDF}.Debug|Any CPU.ActiveCfg = Debug|Any CPU
		{2A12B149-56B3-4EEF-B56A-D46F6C186EDF}.Debug|Any CPU.Build.0 = Debug|Any CPU
		{2A12B149-56B3-4EEF-B56A-D46F6C186EDF}.Release|Any CPU.ActiveCfg = Release|Any CPU
		{2A12B149-56B3-4EEF-B56A-D46F6C186EDF}.Release|Any CPU.Build.0 = Release|Any CPU
	EndGlobalSection
	GlobalSection(SolutionProperties) = preSolution
		HideSolutionNode = FALSE
	EndGlobalSection
	GlobalSection(NestedProjects) = preSolution
		{7879A6DB-D310-4FD7-A051-29340B6A48BE} = {90CF196C-B249-487A-B806-69810D31C319}
		{84F6EEB5-B424-4E40-89FE-931A8818FAB5} = {90CF196C-B249-487A-B806-69810D31C319}
		{5BA9CE22-CE5C-4DB3-856D-63A49A3F5C31} = {90CF196C-B249-487A-B806-69810D31C319}
		{D88B5AB0-5780-4398-807B-7A16CAE7EC69} = {D137EEB2-196C-4688-AA7B-17EF4BAA5874}
		{852F1CA1-FC00-4EAB-A67F-8C77C90484BE} = {D137EEB2-196C-4688-AA7B-17EF4BAA5874}
		{FAD9F3B8-8854-4F0B-82C5-421F92D44E23} = {90CF196C-B249-487A-B806-69810D31C319}
		{C7596C96-4083-455D-A39E-DE3BB061583F} = {5D32653B-8639-46AC-93E6-DC1139CCA2B0}
		{BDC8B1DD-82CA-4D8B-AE78-6FC9855995C9} = {5D32653B-8639-46AC-93E6-DC1139CCA2B0}
		{9B86F7E9-23F1-4680-B88B-1C561003F76E} = {5BA9CE22-CE5C-4DB3-856D-63A49A3F5C31}
		{8C98D72B-A1DD-4032-8624-DD65313E2301} = {5BA9CE22-CE5C-4DB3-856D-63A49A3F5C31}
		{8AD44BA1-9849-4AEB-AFBC-2174556D8166} = {1CCE2EF3-4CDC-4D0B-93C2-C1FAE3DAB20C}
		{2A12B149-56B3-4EEF-B56A-D46F6C186EDF} = {7879A6DB-D310-4FD7-A051-29340B6A48BE}
	EndGlobalSection
	GlobalSection(ExtensibilityGlobals) = postSolution
		SolutionGuid = {FE04B0CA-C745-4EB6-8B3B-583BD6822054}
	EndGlobalSection
EndGlobal
