
Microsoft Visual Studio Solution File, Format Version 12.00
# Visual Studio Version 17
VisualStudioVersion = 17.12.35707.178
MinimumVisualStudioVersion = 10.0.40219.1
Project("{2150E333-8FDC-42A3-9474-1A3956D46DE8}") = "Adapters", "Adapters", "{1954471F-4F4B-426E-9ECE-1B2E972544CC}"
EndProject
Project("{2150E333-8FDC-42A3-9474-1A3956D46DE8}") = "Core", "Core", "{2127F1DB-25FE-442C-8631-07199760D2B7}"
EndProject
Project("{FAE04EC0-301F-11D3-BF4B-00C04F79EFBC}") = "Tilray.Integrations.Core.Domain", "Tilray.Integrations.Core.Domain\Tilray.Integrations.Core.Domain.csproj", "{A1548350-D4F1-4562-90EB-0125D709FF10}"
EndProject
Project("{FAE04EC0-301F-11D3-BF4B-00C04F79EFBC}") = "Tilray.Integrations.Core.Application", "Tilray.Integrations.Core.Application\Tilray.Integrations.Core.Application.csproj", "{9B160466-3762-4F56-A936-2E5FAC0406E0}"
EndProject
Project("{2150E333-8FDC-42A3-9474-1A3956D46DE8}") = "Web", "Web", "{EE470806-4797-4054-9C8B-28911464A0CE}"
EndProject
Project("{2150E333-8FDC-42A3-9474-1A3956D46DE8}") = "Repositories", "Repositories", "{D3C5838F-E7D4-4CB7-8425-1008EDEB1130}"
EndProject
Project("{2150E333-8FDC-42A3-9474-1A3956D46DE8}") = "Services", "Services", "{0A308BD4-9576-4B47-8148-97E58046F30D}"
EndProject
Project("{2150E333-8FDC-42A3-9474-1A3956D46DE8}") = "Stream", "Stream", "{FEC975D5-B8F8-4A2C-82D7-190366A263B5}"
EndProject
Project("{FAE04EC0-301F-11D3-BF4B-00C04F79EFBC}") = "Tilray.Integrations.Services.CSV", "Tilray.Integrations.Service.CSVService\Tilray.Integrations.Services.CSV.csproj", "{2650F78C-3F9F-4C49-A971-651955609D41}"
EndProject
Project("{FAE04EC0-301F-11D3-BF4B-00C04F79EFBC}") = "Tilray.Integrations.Services.OneDrive", "Tilray.Integrations.Services.OneDrive\Tilray.Integrations.Services.OneDrive.csproj", "{1ED51F49-2984-4CDA-A5BC-83A80B405D24}"
EndProject
Project("{FAE04EC0-301F-11D3-BF4B-00C04F79EFBC}") = "Tilray.Integrations.Service.Salesforce", "Tilray.Integrations.Service.Salesforce\Tilray.Integrations.Service.Salesforce.csproj", "{EBF70C8D-BFB5-49D3-9768-2EA97ED54ED6}"
EndProject
Project("{FAE04EC0-301F-11D3-BF4B-00C04F79EFBC}") = "Tilray.Integrations.Functions", "Tilray.Integrations.Functions\Tilray.Integrations.Functions.csproj", "{2FC90890-E908-4D64-BA29-EB53626B8B66}"
EndProject
Project("{2150E333-8FDC-42A3-9474-1A3956D46DE8}") = "Shared", "Shared", "{034CD85F-164B-4C7D-9F8A-A1448D4ADB27}"
EndProject
Project("{FAE04EC0-301F-11D3-BF4B-00C04F79EFBC}") = "Tilray.Integrations.Core.Common", "Tilray.Integrations.Core.Common\Tilray.Integrations.Core.Common.csproj", "{D0FAFBD0-A6DC-4FA5-8A50-B37C3DF6A94B}"
EndProject
Global
	GlobalSection(SolutionConfigurationPlatforms) = preSolution
		Debug|Any CPU = Debug|Any CPU
		Release|Any CPU = Release|Any CPU
	EndGlobalSection
	GlobalSection(ProjectConfigurationPlatforms) = postSolution
		{A1548350-D4F1-4562-90EB-0125D709FF10}.Debug|Any CPU.ActiveCfg = Debug|Any CPU
		{A1548350-D4F1-4562-90EB-0125D709FF10}.Debug|Any CPU.Build.0 = Debug|Any CPU
		{A1548350-D4F1-4562-90EB-0125D709FF10}.Release|Any CPU.ActiveCfg = Release|Any CPU
		{A1548350-D4F1-4562-90EB-0125D709FF10}.Release|Any CPU.Build.0 = Release|Any CPU
		{9B160466-3762-4F56-A936-2E5FAC0406E0}.Debug|Any CPU.ActiveCfg = Debug|Any CPU
		{9B160466-3762-4F56-A936-2E5FAC0406E0}.Debug|Any CPU.Build.0 = Debug|Any CPU
		{9B160466-3762-4F56-A936-2E5FAC0406E0}.Release|Any CPU.ActiveCfg = Release|Any CPU
		{9B160466-3762-4F56-A936-2E5FAC0406E0}.Release|Any CPU.Build.0 = Release|Any CPU
		{2650F78C-3F9F-4C49-A971-651955609D41}.Debug|Any CPU.ActiveCfg = Debug|Any CPU
		{2650F78C-3F9F-4C49-A971-651955609D41}.Debug|Any CPU.Build.0 = Debug|Any CPU
		{2650F78C-3F9F-4C49-A971-651955609D41}.Release|Any CPU.ActiveCfg = Release|Any CPU
		{2650F78C-3F9F-4C49-A971-651955609D41}.Release|Any CPU.Build.0 = Release|Any CPU
		{1ED51F49-2984-4CDA-A5BC-83A80B405D24}.Debug|Any CPU.ActiveCfg = Debug|Any CPU
		{1ED51F49-2984-4CDA-A5BC-83A80B405D24}.Debug|Any CPU.Build.0 = Debug|Any CPU
		{1ED51F49-2984-4CDA-A5BC-83A80B405D24}.Release|Any CPU.ActiveCfg = Release|Any CPU
		{1ED51F49-2984-4CDA-A5BC-83A80B405D24}.Release|Any CPU.Build.0 = Release|Any CPU
		{EBF70C8D-BFB5-49D3-9768-2EA97ED54ED6}.Debug|Any CPU.ActiveCfg = Debug|Any CPU
		{EBF70C8D-BFB5-49D3-9768-2EA97ED54ED6}.Debug|Any CPU.Build.0 = Debug|Any CPU
		{EBF70C8D-BFB5-49D3-9768-2EA97ED54ED6}.Release|Any CPU.ActiveCfg = Release|Any CPU
		{EBF70C8D-BFB5-49D3-9768-2EA97ED54ED6}.Release|Any CPU.Build.0 = Release|Any CPU
		{2FC90890-E908-4D64-BA29-EB53626B8B66}.Debug|Any CPU.ActiveCfg = Debug|Any CPU
		{2FC90890-E908-4D64-BA29-EB53626B8B66}.Debug|Any CPU.Build.0 = Debug|Any CPU
		{2FC90890-E908-4D64-BA29-EB53626B8B66}.Release|Any CPU.ActiveCfg = Release|Any CPU
		{2FC90890-E908-4D64-BA29-EB53626B8B66}.Release|Any CPU.Build.0 = Release|Any CPU
		{D0FAFBD0-A6DC-4FA5-8A50-B37C3DF6A94B}.Debug|Any CPU.ActiveCfg = Debug|Any CPU
		{D0FAFBD0-A6DC-4FA5-8A50-B37C3DF6A94B}.Debug|Any CPU.Build.0 = Debug|Any CPU
		{D0FAFBD0-A6DC-4FA5-8A50-B37C3DF6A94B}.Release|Any CPU.ActiveCfg = Release|Any CPU
		{D0FAFBD0-A6DC-4FA5-8A50-B37C3DF6A94B}.Release|Any CPU.Build.0 = Release|Any CPU
	EndGlobalSection
	GlobalSection(SolutionProperties) = preSolution
		HideSolutionNode = FALSE
	EndGlobalSection
	GlobalSection(NestedProjects) = preSolution
		{A1548350-D4F1-4562-90EB-0125D709FF10} = {2127F1DB-25FE-442C-8631-07199760D2B7}
		{9B160466-3762-4F56-A936-2E5FAC0406E0} = {2127F1DB-25FE-442C-8631-07199760D2B7}
		{EE470806-4797-4054-9C8B-28911464A0CE} = {1954471F-4F4B-426E-9ECE-1B2E972544CC}
		{D3C5838F-E7D4-4CB7-8425-1008EDEB1130} = {1954471F-4F4B-426E-9ECE-1B2E972544CC}
		{0A308BD4-9576-4B47-8148-97E58046F30D} = {1954471F-4F4B-426E-9ECE-1B2E972544CC}
		{FEC975D5-B8F8-4A2C-82D7-190366A263B5} = {1954471F-4F4B-426E-9ECE-1B2E972544CC}
		{2650F78C-3F9F-4C49-A971-651955609D41} = {0A308BD4-9576-4B47-8148-97E58046F30D}
		{1ED51F49-2984-4CDA-A5BC-83A80B405D24} = {0A308BD4-9576-4B47-8148-97E58046F30D}
		{EBF70C8D-BFB5-49D3-9768-2EA97ED54ED6} = {0A308BD4-9576-4B47-8148-97E58046F30D}
		{2FC90890-E908-4D64-BA29-EB53626B8B66} = {EE470806-4797-4054-9C8B-28911464A0CE}
		{D0FAFBD0-A6DC-4FA5-8A50-B37C3DF6A94B} = {034CD85F-164B-4C7D-9F8A-A1448D4ADB27}
	EndGlobalSection
EndGlobal
